
Microsoft Visual Studio Solution File, Format Version 12.00
# Visual Studio Version 17
VisualStudioVersion = 17.3.32825.248
MinimumVisualStudioVersion = 10.0.40219.1
Project("{FAE04EC0-301F-11D3-BF4B-00C04F79EFBC}") = "BackendAVMB", "BackendAVMB\BackendAVMB.csproj", "{D25547DB-8B8A-4C29-A14F-D447B0AEAC5C}"
EndProject
Global
	GlobalSection(SolutionConfigurationPlatforms) = preSolution
		Debug|Any CPU = Debug|Any CPU
		Release|Any CPU = Release|Any CPU
	EndGlobalSection
	GlobalSection(ProjectConfigurationPlatforms) = postSolution
		{D25547DB-8B8A-4C29-A14F-D447B0AEAC5C}.Debug|Any CPU.ActiveCfg = Debug|Any CPU
		{D25547DB-8B8A-4C29-A14F-D447B0AEAC5C}.Debug|Any CPU.Build.0 = Debug|Any CPU
		{D25547DB-8B8A-4C29-A14F-D447B0AEAC5C}.Release|Any CPU.ActiveCfg = Release|Any CPU
		{D25547DB-8B8A-4C29-A14F-D447B0AEAC5C}.Release|Any CPU.Build.0 = Release|Any CPU
	EndGlobalSection
	GlobalSection(SolutionProperties) = preSolution
		HideSolutionNode = FALSE
	EndGlobalSection
	GlobalSection(ExtensibilityGlobals) = postSolution
		SolutionGuid = {E9AE9A44-1CA7-4A2A-853B-D669B6E1DD18}
	EndGlobalSection
EndGlobal
